
Microsoft Visual Studio Solution File, Format Version 12.00
# Visual Studio Version 17
VisualStudioVersion = 17.3.32929.385
MinimumVisualStudioVersion = 10.0.40219.1
Project("{FAE04EC0-301F-11D3-BF4B-00C04F79EFBC}") = "Z-Concurrent-Collections", "Z-Concurrent-Collections.csproj", "{6B4B6AE3-42A3-4CC5-BE56-FC28D921F17B}"
EndProject
Global
	GlobalSection(SolutionConfigurationPlatforms) = preSolution
		Debug|Any CPU = Debug|Any CPU
		Release|Any CPU = Release|Any CPU
	EndGlobalSection
	GlobalSection(ProjectConfigurationPlatforms) = postSolution
		{6B4B6AE3-42A3-4CC5-BE56-FC28D921F17B}.Debug|Any CPU.ActiveCfg = Debug|Any CPU
		{6B4B6AE3-42A3-4CC5-BE56-FC28D921F17B}.Debug|Any CPU.Build.0 = Debug|Any CPU
		{6B4B6AE3-42A3-4CC5-BE56-FC28D921F17B}.Release|Any CPU.ActiveCfg = Release|Any CPU
		{6B4B6AE3-42A3-4CC5-BE56-FC28D921F17B}.Release|Any CPU.Build.0 = Release|Any CPU
	EndGlobalSection
	GlobalSection(SolutionProperties) = preSolution
		HideSolutionNode = FALSE
	EndGlobalSection
	GlobalSection(ExtensibilityGlobals) = postSolution
		SolutionGuid = {B5C5CF1E-28B7-4F16-AAA1-FB2D79B6130C}
	EndGlobalSection
EndGlobal
